// !$*UTF8*$!
{
	archiveVersion = 1;
	classes = {
	};
	objectVersion = 50;
	objects = {

/* Begin PBXBuildFile section */
		DF7244CB20A8B572008A4B84 /* AppDelegate.swift in Sources */ = {isa = PBXBuildFile; fileRef = DF7244CA20A8B572008A4B84 /* AppDelegate.swift */; };
		DF7244CD20A8B572008A4B84 /* ViewController.swift in Sources */ = {isa = PBXBuildFile; fileRef = DF7244CC20A8B572008A4B84 /* ViewController.swift */; };
		DF7244D020A8B572008A4B84 /* Main.storyboard in Resources */ = {isa = PBXBuildFile; fileRef = DF7244CE20A8B572008A4B84 /* Main.storyboard */; };
		DF7244D220A8B574008A4B84 /* Assets.xcassets in Resources */ = {isa = PBXBuildFile; fileRef = DF7244D120A8B574008A4B84 /* Assets.xcassets */; };
		DF7244D520A8B574008A4B84 /* LaunchScreen.storyboard in Resources */ = {isa = PBXBuildFile; fileRef = DF7244D320A8B574008A4B84 /* LaunchScreen.storyboard */; };
		DF7244DD20A8B680008A4B84 /* CustomCollectionViewCell.swift in Sources */ = {isa = PBXBuildFile; fileRef = DF7244DC20A8B680008A4B84 /* CustomCollectionViewCell.swift */; };
/* End PBXBuildFile section */

/* Begin PBXFileReference section */
		DF7244C720A8B572008A4B84 /* CollectionViewGradientSample.app */ = {isa = PBXFileReference; explicitFileType = wrapper.application; includeInIndex = 0; path = CollectionViewGradientSample.app; sourceTree = BUILT_PRODUCTS_DIR; };
		DF7244CA20A8B572008A4B84 /* AppDelegate.swift */ = {isa = PBXFileReference; lastKnownFileType = sourcecode.swift; path = AppDelegate.swift; sourceTree = "<group>"; };
		DF7244CC20A8B572008A4B84 /* ViewController.swift */ = {isa = PBXFileReference; lastKnownFileType = sourcecode.swift; path = ViewController.swift; sourceTree = "<group>"; };
		DF7244CF20A8B572008A4B84 /* Base */ = {isa = PBXFileReference; lastKnownFileType = file.storyboard; name = Base; path = Base.lproj/Main.storyboard; sourceTree = "<group>"; };
		DF7244D120A8B574008A4B84 /* Assets.xcassets */ = {isa = PBXFileReference; lastKnownFileType = folder.assetcatalog; path = Assets.xcassets; sourceTree = "<group>"; };
		DF7244D420A8B574008A4B84 /* Base */ = {isa = PBXFileReference; lastKnownFileType = file.storyboard; name = Base; path = Base.lproj/LaunchScreen.storyboard; sourceTree = "<group>"; };
		DF7244D620A8B574008A4B84 /* Info.plist */ = {isa = PBXFileReference; lastKnownFileType = text.plist.xml; path = Info.plist; sourceTree = "<group>"; };
		DF7244DC20A8B680008A4B84 /* CustomCollectionViewCell.swift */ = {isa = PBXFileReference; lastKnownFileType = sourcecode.swift; path = CustomCollectionViewCell.swift; sourceTree = "<group>"; };
/* End PBXFileReference section */

/* Begin PBXFrameworksBuildPhase section */
		DF7244C420A8B572008A4B84 /* Frameworks */ = {
			isa = PBXFrameworksBuildPhase;
			buildActionMask = 2147483647;
			files = (
			);
			runOnlyForDeploymentPostprocessing = 0;
		};
/* End PBXFrameworksBuildPhase section */

/* Begin PBXGroup section */
		DF7244BE20A8B572008A4B84 = {
			isa = PBXGroup;
			children = (
				DF7244C920A8B572008A4B84 /* CollectionViewGradientSample */,
				DF7244C820A8B572008A4B84 /* Products */,
			);
			sourceTree = "<group>";
		};
		DF7244C820A8B572008A4B84 /* Products */ = {
			isa = PBXGroup;
			children = (
				DF7244C720A8B572008A4B84 /* CollectionViewGradientSample.app */,
			);
			name = Products;
			sourceTree = "<group>";
		};
		DF7244C920A8B572008A4B84 /* CollectionViewGradientSample */ = {
			isa = PBXGroup;
			children = (
				DF7244CA20A8B572008A4B84 /* AppDelegate.swift */,
				DF7244CC20A8B572008A4B84 /* ViewController.swift */,
				DF7244DC20A8B680008A4B84 /* CustomCollectionViewCell.swift */,
				DF7244CE20A8B572008A4B84 /* Main.storyboard */,
				DF7244D120A8B574008A4B84 /* Assets.xcassets */,
				DF7244D320A8B574008A4B84 /* LaunchScreen.storyboard */,
				DF7244D620A8B574008A4B84 /* Info.plist */,
			);
			path = CollectionViewGradientSample;
			sourceTree = "<group>";
		};
/* End PBXGroup section */

/* Begin PBXNativeTarget section */
		DF7244C620A8B572008A4B84 /* CollectionViewGradientSample */ = {
			isa = PBXNativeTarget;
			buildConfigurationList = DF7244D920A8B574008A4B84 /* Build configuration list for PBXNativeTarget "CollectionViewGradientSample" */;
			buildPhases = (
				DF7244C320A8B572008A4B84 /* Sources */,
				DF7244C420A8B572008A4B84 /* Frameworks */,
				DF7244C520A8B572008A4B84 /* Resources */,
			);
			buildRules = (
			);
			dependencies = (
			);
			name = CollectionViewGradientSample;
			productName = CollectionViewGradientSample;
			productReference = DF7244C720A8B572008A4B84 /* CollectionViewGradientSample.app */;
			productType = "com.apple.product-type.application";
		};
/* End PBXNativeTarget section */

/* Begin PBXProject section */
		DF7244BF20A8B572008A4B84 /* Project object */ = {
			isa = PBXProject;
			attributes = {
				LastSwiftUpdateCheck = 0930;
				LastUpgradeCheck = 0930;
				ORGANIZATIONNAME = "Payal Gupta";
				TargetAttributes = {
					DF7244C620A8B572008A4B84 = {
						CreatedOnToolsVersion = 9.3;
					};
				};
			};
			buildConfigurationList = DF7244C220A8B572008A4B84 /* Build configuration list for PBXProject "CollectionViewGradientSample" */;
			compatibilityVersion = "Xcode 9.3";
			developmentRegion = en;
			hasScannedForEncodings = 0;
			knownRegions = (
				en,
				Base,
			);
			mainGroup = DF7244BE20A8B572008A4B84;
			productRefGroup = DF7244C820A8B572008A4B84 /* Products */;
			projectDirPath = "";
			projectRoot = "";
			targets = (
				DF7244C620A8B572008A4B84 /* CollectionViewGradientSample */,
			);
		};
/* End PBXProject section */

/* Begin PBXResourcesBuildPhase section */
		DF7244C520A8B572008A4B84 /* Resources */ = {
			isa = PBXResourcesBuildPhase;
			buildActionMask = 2147483647;
			files = (
				DF7244D520A8B574008A4B84 /* LaunchScreen.storyboard in Resources */,
				DF7244D220A8B574008A4B84 /* Assets.xcassets in Resources */,
				DF7244D020A8B572008A4B84 /* Main.storyboard in Resources */,
			);
			runOnlyForDeploymentPostprocessing = 0;
		};
/* End PBXResourcesBuildPhase section */

/* Begin PBXSourcesBuildPhase section */
		DF7244C320A8B572008A4B84 /* Sources */ = {
			isa = PBXSourcesBuildPhase;
			buildActionMask = 2147483647;
			files = (
				DF7244CD20A8B572008A4B84 /* ViewController.swift in Sources */,
				DF7244DD20A8B680008A4B84 /* CustomCollectionViewCell.swift in Sources */,
				DF7244CB20A8B572008A4B84 /* AppDelegate.swift in Sources */,
			);
			runOnlyForDeploymentPostprocessing = 0;
		};
/* End PBXSourcesBuildPhase section */

/* Begin PBXVariantGroup section */
		DF7244CE20A8B572008A4B84 /* Main.storyboard */ = {
			isa = PBXVariantGroup;
			children = (
				DF7244CF20A8B572008A4B84 /* Base */,
			);
			name = Main.storyboard;
			sourceTree = "<group>";
		};
		DF7244D320A8B574008A4B84 /* LaunchScreen.storyboard */ = {
			isa = PBXVariantGroup;
			children = (
				DF7244D420A8B574008A4B84 /* Base */,
			);
			name = LaunchScreen.storyboard;
			sourceTree = "<group>";
		};
/* End PBXVariantGroup section */

/* Begin XCBuildConfiguration section */
		DF7244D720A8B574008A4B84 /* Debug */ = {
			isa = XCBuildConfiguration;
			buildSettings = {
				ALWAYS_SEARCH_USER_PATHS = NO;
				CLANG_ANALYZER_NONNULL = YES;
				CLANG_ANALYZER_NUMBER_OBJECT_CONVERSION = YES_AGGRESSIVE;
				CLANG_CXX_LANGUAGE_STANDARD = "gnu++14";
				CLANG_CXX_LIBRARY = "libc++";
				CLANG_ENABLE_MODULES = YES;
				CLANG_ENABLE_OBJC_ARC = YES;
				CLANG_ENABLE_OBJC_WEAK = YES;
				CLANG_WARN_BLOCK_CAPTURE_AUTORELEASING = YES;
				CLANG_WARN_BOOL_CONVERSION = YES;
				CLANG_WARN_COMMA = YES;
				CLANG_WARN_CONSTANT_CONVERSION = YES;
				CLANG_WARN_DEPRECATED_OBJC_IMPLEMENTATIONS = YES;
				CLANG_WARN_DIRECT_OBJC_ISA_USAGE = YES_ERROR;
				CLANG_WARN_DOCUMENTATION_COMMENTS = YES;
				CLANG_WARN_EMPTY_BODY = YES;
				CLANG_WARN_ENUM_CONVERSION = YES;
				CLANG_WARN_INFINITE_RECURSION = YES;
				CLANG_WARN_INT_CONVERSION = YES;
				CLANG_WARN_NON_LITERAL_NULL_CONVERSION = YES;
				CLANG_WARN_OBJC_IMPLICIT_RETAIN_SELF = YES;
				CLANG_WARN_OBJC_LITERAL_CONVERSION = YES;
				CLANG_WARN_OBJC_ROOT_CLASS = YES_ERROR;
				CLANG_WARN_RANGE_LOOP_ANALYSIS = YES;
				CLANG_WARN_STRICT_PROTOTYPES = YES;
				CLANG_WARN_SUSPICIOUS_MOVE = YES;
				CLANG_WARN_UNGUARDED_AVAILABILITY = YES_AGGRESSIVE;
				CLANG_WARN_UNREACHABLE_CODE = YES;
				CLANG_WARN__DUPLICATE_METHOD_MATCH = YES;
				CODE_SIGN_IDENTITY = "iPhone Developer";
				COPY_PHASE_STRIP = NO;
				DEBUG_INFORMATION_FORMAT = dwarf;
				ENABLE_STRICT_OBJC_MSGSEND = YES;
				ENABLE_TESTABILITY = YES;
				GCC_C_LANGUAGE_STANDARD = gnu11;
				GCC_DYNAMIC_NO_PIC = NO;
				GCC_NO_COMMON_BLOCKS = YES;
				GCC_OPTIMIZATION_LEVEL = 0;
				GCC_PREPROCESSOR_DEFINITIONS = (
					"DEBUG=1",
					"$(inherited)",
				);
				GCC_WARN_64_TO_32_BIT_CONVERSION = YES;
				GCC_WARN_ABOUT_RETURN_TYPE = YES_ERROR;
				GCC_WARN_UNDECLARED_SELECTOR = YES;
				GCC_WARN_UNINITIALIZED_AUTOS = YES_AGGRESSIVE;
				GCC_WARN_UNUSED_FUNCTION = YES;
				GCC_WARN_UNUSED_VARIABLE = YES;
				IPHONEOS_DEPLOYMENT_TARGET = 11.3;
				MTL_ENABLE_DEBUG_INFO = YES;
				ONLY_ACTIVE_ARCH = YES;
				SDKROOT = iphoneos;
				SWIFT_ACTIVE_COMPILATION_CONDITIONS = DEBUG;
				SWIFT_OPTIMIZATION_LEVEL = "-Onone";
			};
			name = Debug;
		};
		DF7244D820A8B574008A4B84 /* Release */ = {
			isa = XCBuildConfiguration;
			buildSettings = {
				ALWAYS_SEARCH_USER_PATHS = NO;
				CLANG_ANALYZER_NONNULL = YES;
				CLANG_ANALYZER_NUMBER_OBJECT_CONVERSION = YES_AGGRESSIVE;
				CLANG_CXX_LANGUAGE_STANDARD = "gnu++14";
				CLANG_CXX_LIBRARY = "libc++";
				CLANG_ENABLE_MODULES = YES;
				CLANG_ENABLE_OBJC_ARC = YES;
				CLANG_ENABLE_OBJC_WEAK = YES;
				CLANG_WARN_BLOCK_CAPTURE_AUTORELEASING = YES;
				CLANG_WARN_BOOL_CONVERSION = YES;
				CLANG_WARN_COMMA = YES;
				CLANG_WARN_CONSTANT_CONVERSION = YES;
				CLANG_WARN_DEPRECATED_OBJC_IMPLEMENTATIONS = YES;
				CLANG_WARN_DIRECT_OBJC_ISA_USAGE = YES_ERROR;
				CLANG_WARN_DOCUMENTATION_COMMENTS = YES;
				CLANG_WARN_EMPTY_BODY = YES;
				CLANG_WARN_ENUM_CONVERSION = YES;
				CLANG_WARN_INFINITE_RECURSION = YES;
				CLANG_WARN_INT_CONVERSION = YES;
				CLANG_WARN_NON_LITERAL_NULL_CONVERSION = YES;
				CLANG_WARN_OBJC_IMPLICIT_RETAIN_SELF = YES;
				CLANG_WARN_OBJC_LITERAL_CONVERSION = YES;
				CLANG_WARN_OBJC_ROOT_CLASS = YES_ERROR;
				CLANG_WARN_RANGE_LOOP_ANALYSIS = YES;
				CLANG_WARN_STRICT_PROTOTYPES = YES;
				CLANG_WARN_SUSPICIOUS_MOVE = YES;
				CLANG_WARN_UNGUARDED_AVAILABILITY = YES_AGGRESSIVE;
				CLANG_WARN_UNREACHABLE_CODE = YES;
				CLANG_WARN__DUPLICATE_METHOD_MATCH = YES;
				CODE_SIGN_IDENTITY = "iPhone Developer";
				COPY_PHASE_STRIP = NO;
				DEBUG_INFORMATION_FORMAT = "dwarf-with-dsym";
				ENABLE_NS_ASSERTIONS = NO;
				ENABLE_STRICT_OBJC_MSGSEND = YES;
				GCC_C_LANGUAGE_STANDARD = gnu11;
				GCC_NO_COMMON_BLOCKS = YES;
				GCC_WARN_64_TO_32_BIT_CONVERSION = YES;
				GCC_WARN_ABOUT_RETURN_TYPE = YES_ERROR;
				GCC_WARN_UNDECLARED_SELECTOR = YES;
				GCC_WARN_UNINITIALIZED_AUTOS = YES_AGGRESSIVE;
				GCC_WARN_UNUSED_FUNCTION = YES;
				GCC_WARN_UNUSED_VARIABLE = YES;
				IPHONEOS_DEPLOYMENT_TARGET = 11.3;
				MTL_ENABLE_DEBUG_INFO = NO;
				SDKROOT = iphoneos;
				SWIFT_COMPILATION_MODE = wholemodule;
				SWIFT_OPTIMIZATION_LEVEL = "-O";
				VALIDATE_PRODUCT = YES;
			};
			name = Release;
		};
		DF7244DA20A8B574008A4B84 /* Debug */ = {
			isa = XCBuildConfiguration;
			buildSettings = {
				ASSETCATALOG_COMPILER_APPICON_NAME = AppIcon;
				CODE_SIGN_STYLE = Automatic;
				INFOPLIST_FILE = CollectionViewGradientSample/Info.plist;
				LD_RUNPATH_SEARCH_PATHS = (
					"$(inherited)",
					"@executable_path/Frameworks",
				);
				PRODUCT_BUNDLE_IDENTIFIER = com.payal.CollectionViewGradientSample;
				PRODUCT_NAME = "$(TARGET_NAME)";
				SWIFT_VERSION = 4.0;
				TARGETED_DEVICE_FAMILY = "1,2";
			};
			name = Debug;
		};
		DF7244DB20A8B574008A4B84 /* Release */ = {
			isa = XCBuildConfiguration;
			buildSettings = {
				ASSETCATALOG_COMPILER_APPICON_NAME = AppIcon;
				CODE_SIGN_STYLE = Automatic;
				INFOPLIST_FILE = CollectionViewGradientSample/Info.plist;
				LD_RUNPATH_SEARCH_PATHS = (
					"$(inherited)",
					"@executable_path/Frameworks",
				);
				PRODUCT_BUNDLE_IDENTIFIER = com.payal.CollectionViewGradientSample;
				PRODUCT_NAME = "$(TARGET_NAME)";
				SWIFT_VERSION = 4.0;
				TARGETED_DEVICE_FAMILY = "1,2";
			};
			name = Release;
		};
/* End XCBuildConfiguration section */

/* Begin XCConfigurationList section */
		DF7244C220A8B572008A4B84 /* Build configuration list for PBXProject "CollectionViewGradientSample" */ = {
			isa = XCConfigurationList;
			buildConfigurations = (
				DF7244D720A8B574008A4B84 /* Debug */,
				DF7244D820A8B574008A4B84 /* Release */,
			);
			defaultConfigurationIsVisible = 0;
			defaultConfigurationName = Release;
		};
		DF7244D920A8B574008A4B84 /* Build configuration list for PBXNativeTarget "CollectionViewGradientSample" */ = {
			isa = XCConfigurationList;
			buildConfigurations = (
				DF7244DA20A8B574008A4B84 /* Debug */,
				DF7244DB20A8B574008A4B84 /* Release */,
			);
			defaultConfigurationIsVisible = 0;
			defaultConfigurationName = Release;
		};
/* End XCConfigurationList section */
	};
	rootObject = DF7244BF20A8B572008A4B84 /* Project object */;
}
